
Microsoft Visual Studio Solution File, Format Version 12.00
# Visual Studio Version 17
VisualStudioVersion = 17.14.37328.6 d17.14
MinimumVisualStudioVersion = 10.0.40219.1
Project("{FAE04EC0-301F-11D3-BF4B-00C04F79EFBC}") = "Tools", "Tools.csproj", "{F73EC30A-05FE-4D56-95AA-21F78E169AD4}"
EndProject
Global
	GlobalSection(SolutionConfigurationPlatforms) = preSolution
		Debug|Any CPU = Debug|Any CPU
		Release|Any CPU = Release|Any CPU
	EndGlobalSection
	GlobalSection(ProjectConfigurationPlatforms) = postSolution
		{F73EC30A-05FE-4D56-95AA-21F78E169AD4}.Debug|Any CPU.ActiveCfg = Debug|Any CPU
		{F73EC30A-05FE-4D56-95AA-21F78E169AD4}.Debug|Any CPU.Build.0 = Debug|Any CPU
		{F73EC30A-05FE-4D56-95AA-21F78E169AD4}.Release|Any CPU.ActiveCfg = Release|Any CPU
		{F73EC30A-05FE-4D56-95AA-21F78E169AD4}.Release|Any CPU.Build.0 = Release|Any CPU
	EndGlobalSection
	GlobalSection(SolutionProperties) = preSolution
		HideSolutionNode = FALSE
	EndGlobalSection
	GlobalSection(ExtensibilityGlobals) = postSolution
		SolutionGuid = {9918B696-EA5C-4135-BAB0-ECA2EFBC1ADB}
	EndGlobalSection
EndGlobal
